
Microsoft Visual Studio Solution File, Format Version 12.00
# Visual Studio Version 16
VisualStudioVersion = 16.0.32002.261
MinimumVisualStudioVersion = 10.0.40219.1
Project("{FAE04EC0-301F-11D3-BF4B-00C04F79EFBC}") = "HotelListing", "HotelListing.csproj", "{BA29B063-C854-4371-ABD9-0813C0A43F48}"
EndProject
Project("{FAE04EC0-301F-11D3-BF4B-00C04F79EFBC}") = "HotelListing.Data", "..\HotelListing.Data\HotelListing.Data.csproj", "{68FFDEC3-B649-4DD1-8437-8783F33D8CCE}"
EndProject
Project("{FAE04EC0-301F-11D3-BF4B-00C04F79EFBC}") = "HotelListing.Core", "..\HotelListing.Core\HotelListing.Core.csproj", "{BDA36AFA-ACF0-4985-8C51-5196C679095F}"
EndProject
Global
	GlobalSection(SolutionConfigurationPlatforms) = preSolution
		Debug|Any CPU = Debug|Any CPU
		Release|Any CPU = Release|Any CPU
	EndGlobalSection
	GlobalSection(ProjectConfigurationPlatforms) = postSolution
		{BA29B063-C854-4371-ABD9-0813C0A43F48}.Debug|Any CPU.ActiveCfg = Debug|Any CPU
		{BA29B063-C854-4371-ABD9-0813C0A43F48}.Debug|Any CPU.Build.0 = Debug|Any CPU
		{BA29B063-C854-4371-ABD9-0813C0A43F48}.Release|Any CPU.ActiveCfg = Release|Any CPU
		{BA29B063-C854-4371-ABD9-0813C0A43F48}.Release|Any CPU.Build.0 = Release|Any CPU
		{68FFDEC3-B649-4DD1-8437-8783F33D8CCE}.Debug|Any CPU.ActiveCfg = Debug|Any CPU
		{68FFDEC3-B649-4DD1-8437-8783F33D8CCE}.Debug|Any CPU.Build.0 = Debug|Any CPU
		{68FFDEC3-B649-4DD1-8437-8783F33D8CCE}.Release|Any CPU.ActiveCfg = Release|Any CPU
		{68FFDEC3-B649-4DD1-8437-8783F33D8CCE}.Release|Any CPU.Build.0 = Release|Any CPU
		{BDA36AFA-ACF0-4985-8C51-5196C679095F}.Debug|Any CPU.ActiveCfg = Debug|Any CPU
		{BDA36AFA-ACF0-4985-8C51-5196C679095F}.Debug|Any CPU.Build.0 = Debug|Any CPU
		{BDA36AFA-ACF0-4985-8C51-5196C679095F}.Release|Any CPU.ActiveCfg = Release|Any CPU
		{BDA36AFA-ACF0-4985-8C51-5196C679095F}.Release|Any CPU.Build.0 = Release|Any CPU
	EndGlobalSection
	GlobalSection(SolutionProperties) = preSolution
		HideSolutionNode = FALSE
	EndGlobalSection
	GlobalSection(ExtensibilityGlobals) = postSolution
		SolutionGuid = {D7DFBEFE-C880-4814-A050-3DF0E71411AC}
	EndGlobalSection
EndGlobal
